// !$*UTF8*$!
{
	archiveVersion = 1;
	classes = {
	};
	objectVersion = 56;
	objects = {

/* Begin PBXBuildFile section */
		1D0370072A7844D300913726 /* CategoryGenresCell.swift in Sources */ = {isa = PBXBuildFile; fileRef = 1D0370062A7844D300913726 /* CategoryGenresCell.swift */; };
		1D0585FC2A76F5D700664193 /* ShowAllViewController.swift in Sources */ = {isa = PBXBuildFile; fileRef = 1D0585FB2A76F5D700664193 /* ShowAllViewController.swift */; };
		1D0585FE2A76F9EB00664193 /* ShowAllViewModel.swift in Sources */ = {isa = PBXBuildFile; fileRef = 1D0585FD2A76F9EB00664193 /* ShowAllViewModel.swift */; };
		1D0586012A77013200664193 /* CustomVerticalFlowLayout.swift in Sources */ = {isa = PBXBuildFile; fileRef = 1D0586002A77013200664193 /* CustomVerticalFlowLayout.swift */; };
		1D35B99A2A64544E009A6CB9 /* Endpoint.swift in Sources */ = {isa = PBXBuildFile; fileRef = 1D35B9992A64544E009A6CB9 /* Endpoint.swift */; };
		1D35B99C2A6454CE009A6CB9 /* HTTPMethod.swift in Sources */ = {isa = PBXBuildFile; fileRef = 1D35B99B2A6454CE009A6CB9 /* HTTPMethod.swift */; };
		1D35B99E2A64552F009A6CB9 /* RequestError.swift in Sources */ = {isa = PBXBuildFile; fileRef = 1D35B99D2A64552F009A6CB9 /* RequestError.swift */; };
		1D35B9A02A64569B009A6CB9 /* HTTPClient.swift in Sources */ = {isa = PBXBuildFile; fileRef = 1D35B99F2A64569B009A6CB9 /* HTTPClient.swift */; };
		1D35B9A42A645C56009A6CB9 /* MoviesEndpoint.swift in Sources */ = {isa = PBXBuildFile; fileRef = 1D35B9A32A645C56009A6CB9 /* MoviesEndpoint.swift */; };
		1D35B9AA2A645DCD009A6CB9 /* MoviesService.swift in Sources */ = {isa = PBXBuildFile; fileRef = 1D35B9A92A645DCD009A6CB9 /* MoviesService.swift */; };
		1D3800D22A669F7800C4729D /* SliderView.swift in Sources */ = {isa = PBXBuildFile; fileRef = 1D3800D12A669F7800C4729D /* SliderView.swift */; };
		1D3800D42A66B36800C4729D /* SliderCell.swift in Sources */ = {isa = PBXBuildFile; fileRef = 1D3800D32A66B36800C4729D /* SliderCell.swift */; };
		1D3800D72A66E10D00C4729D /* SliderViewModel.swift in Sources */ = {isa = PBXBuildFile; fileRef = 1D3800D62A66E10D00C4729D /* SliderViewModel.swift */; };
		1D3800D92A66E73B00C4729D /* SliderCellViewModel.swift in Sources */ = {isa = PBXBuildFile; fileRef = 1D3800D82A66E73B00C4729D /* SliderCellViewModel.swift */; };
		1D3800DB2A6728C900C4729D /* CategoryCell.swift in Sources */ = {isa = PBXBuildFile; fileRef = 1D3800DA2A6728C900C4729D /* CategoryCell.swift */; };
		1D3800DE2A67350D00C4729D /* CategoryCellItem.swift in Sources */ = {isa = PBXBuildFile; fileRef = 1D3800DD2A67350D00C4729D /* CategoryCellItem.swift */; };
		1D3800E02A674AA900C4729D /* CategoryHeader.swift in Sources */ = {isa = PBXBuildFile; fileRef = 1D3800DF2A674AA900C4729D /* CategoryHeader.swift */; };
		1D4685552A756464005498FB /* SDWebImage in Frameworks */ = {isa = PBXBuildFile; productRef = 1D4685542A756464005498FB /* SDWebImage */; };
		1D88A58F2A7939EE0016D9DB /* GenresViewController.swift in Sources */ = {isa = PBXBuildFile; fileRef = 1D88A58E2A7939EE0016D9DB /* GenresViewController.swift */; };
		1D93FE952A5D56BB00314762 /* AppDelegate.swift in Sources */ = {isa = PBXBuildFile; fileRef = 1D93FE942A5D56BB00314762 /* AppDelegate.swift */; };
		1D93FE972A5D56BB00314762 /* SceneDelegate.swift in Sources */ = {isa = PBXBuildFile; fileRef = 1D93FE962A5D56BB00314762 /* SceneDelegate.swift */; };
		1D93FE992A5D56BB00314762 /* HomeViewController.swift in Sources */ = {isa = PBXBuildFile; fileRef = 1D93FE982A5D56BB00314762 /* HomeViewController.swift */; };
		1D93FE9E2A5D56BC00314762 /* Assets.xcassets in Resources */ = {isa = PBXBuildFile; fileRef = 1D93FE9D2A5D56BC00314762 /* Assets.xcassets */; };
		1D93FEA12A5D56BC00314762 /* LaunchScreen.storyboard in Resources */ = {isa = PBXBuildFile; fileRef = 1D93FE9F2A5D56BC00314762 /* LaunchScreen.storyboard */; };
		1D93FEA92A5D5AF900314762 /* MainTabBarController.swift in Sources */ = {isa = PBXBuildFile; fileRef = 1D93FEA82A5D5AF900314762 /* MainTabBarController.swift */; };
		1D93FEAB2A5D611100314762 /* SearchViewController.swift in Sources */ = {isa = PBXBuildFile; fileRef = 1D93FEAA2A5D611100314762 /* SearchViewController.swift */; };
		1D93FEAD2A5D61A000314762 /* WishListViewController.swift in Sources */ = {isa = PBXBuildFile; fileRef = 1D93FEAC2A5D61A000314762 /* WishListViewController.swift */; };
		1D93FEAF2A5D627500314762 /* ProfileViewController.swift in Sources */ = {isa = PBXBuildFile; fileRef = 1D93FEAE2A5D627500314762 /* ProfileViewController.swift */; };
		1D93FEB72A5D75C800314762 /* ViewController+Extension.swift in Sources */ = {isa = PBXBuildFile; fileRef = 1D93FEB62A5D75C800314762 /* ViewController+Extension.swift */; };
		1D93FEBE2A5D8D3200314762 /* TabMenuControl.swift in Sources */ = {isa = PBXBuildFile; fileRef = 1D93FEBD2A5D8D3200314762 /* TabMenuControl.swift */; };
		1D93FEC02A5DA64300314762 /* UIColor+Extension.swift in Sources */ = {isa = PBXBuildFile; fileRef = 1D93FEBF2A5DA64300314762 /* UIColor+Extension.swift */; };
		1D96EBD52A7A51800057C048 /* UiView+Extension.swift in Sources */ = {isa = PBXBuildFile; fileRef = 1D96EBD42A7A51800057C048 /* UiView+Extension.swift */; };
		1DD550922A5F1C6900DD5383 /* TMDBMovie.swift in Sources */ = {isa = PBXBuildFile; fileRef = 1DD550912A5F1C6900DD5383 /* TMDBMovie.swift */; };
		1DD550942A5F1DFD00DD5383 /* HomeViewModel.swift in Sources */ = {isa = PBXBuildFile; fileRef = 1DD550932A5F1DFD00DD5383 /* HomeViewModel.swift */; };
		1DE4E68C2A6FFADA009CDB27 /* CategoryCellItemViewModel.swift in Sources */ = {isa = PBXBuildFile; fileRef = 1DE4E68B2A6FFADA009CDB27 /* CategoryCellItemViewModel.swift */; };
		1DE4E68E2A700131009CDB27 /* CategoryCellViewModel.swift in Sources */ = {isa = PBXBuildFile; fileRef = 1DE4E68D2A700131009CDB27 /* CategoryCellViewModel.swift */; };
		1DF0C3D62A726A8500BF60A9 /* DetailHeaderView.swift in Sources */ = {isa = PBXBuildFile; fileRef = 1DF0C3D52A726A8500BF60A9 /* DetailHeaderView.swift */; };
		1DFFB1A32A7178D400FB4DA8 /* DetailViewController.swift in Sources */ = {isa = PBXBuildFile; fileRef = 1DFFB1A22A7178D400FB4DA8 /* DetailViewController.swift */; };
		1DFFB1A72A71A61800FB4DA8 /* DetailViewModel.swift in Sources */ = {isa = PBXBuildFile; fileRef = 1DFFB1A62A71A61800FB4DA8 /* DetailViewModel.swift */; };
/* End PBXBuildFile section */

/* Begin PBXFileReference section */
		1D0370062A7844D300913726 /* CategoryGenresCell.swift */ = {isa = PBXFileReference; lastKnownFileType = sourcecode.swift; path = CategoryGenresCell.swift; sourceTree = "<group>"; };
		1D0585FB2A76F5D700664193 /* ShowAllViewController.swift */ = {isa = PBXFileReference; lastKnownFileType = sourcecode.swift; path = ShowAllViewController.swift; sourceTree = "<group>"; };
		1D0585FD2A76F9EB00664193 /* ShowAllViewModel.swift */ = {isa = PBXFileReference; lastKnownFileType = sourcecode.swift; path = ShowAllViewModel.swift; sourceTree = "<group>"; };
		1D0586002A77013200664193 /* CustomVerticalFlowLayout.swift */ = {isa = PBXFileReference; lastKnownFileType = sourcecode.swift; path = CustomVerticalFlowLayout.swift; sourceTree = "<group>"; };
		1D35B9992A64544E009A6CB9 /* Endpoint.swift */ = {isa = PBXFileReference; lastKnownFileType = sourcecode.swift; path = Endpoint.swift; sourceTree = "<group>"; };
		1D35B99B2A6454CE009A6CB9 /* HTTPMethod.swift */ = {isa = PBXFileReference; lastKnownFileType = sourcecode.swift; path = HTTPMethod.swift; sourceTree = "<group>"; };
		1D35B99D2A64552F009A6CB9 /* RequestError.swift */ = {isa = PBXFileReference; lastKnownFileType = sourcecode.swift; path = RequestError.swift; sourceTree = "<group>"; };
		1D35B99F2A64569B009A6CB9 /* HTTPClient.swift */ = {isa = PBXFileReference; lastKnownFileType = sourcecode.swift; path = HTTPClient.swift; sourceTree = "<group>"; };
		1D35B9A32A645C56009A6CB9 /* MoviesEndpoint.swift */ = {isa = PBXFileReference; lastKnownFileType = sourcecode.swift; path = MoviesEndpoint.swift; sourceTree = "<group>"; };
		1D35B9A92A645DCD009A6CB9 /* MoviesService.swift */ = {isa = PBXFileReference; lastKnownFileType = sourcecode.swift; path = MoviesService.swift; sourceTree = "<group>"; };
		1D3800D12A669F7800C4729D /* SliderView.swift */ = {isa = PBXFileReference; lastKnownFileType = sourcecode.swift; path = SliderView.swift; sourceTree = "<group>"; };
		1D3800D32A66B36800C4729D /* SliderCell.swift */ = {isa = PBXFileReference; lastKnownFileType = sourcecode.swift; path = SliderCell.swift; sourceTree = "<group>"; };
		1D3800D62A66E10D00C4729D /* SliderViewModel.swift */ = {isa = PBXFileReference; lastKnownFileType = sourcecode.swift; path = SliderViewModel.swift; sourceTree = "<group>"; };
		1D3800D82A66E73B00C4729D /* SliderCellViewModel.swift */ = {isa = PBXFileReference; lastKnownFileType = sourcecode.swift; path = SliderCellViewModel.swift; sourceTree = "<group>"; };
		1D3800DA2A6728C900C4729D /* CategoryCell.swift */ = {isa = PBXFileReference; lastKnownFileType = sourcecode.swift; path = CategoryCell.swift; sourceTree = "<group>"; };
		1D3800DD2A67350D00C4729D /* CategoryCellItem.swift */ = {isa = PBXFileReference; lastKnownFileType = sourcecode.swift; path = CategoryCellItem.swift; sourceTree = "<group>"; };
		1D3800DF2A674AA900C4729D /* CategoryHeader.swift */ = {isa = PBXFileReference; lastKnownFileType = sourcecode.swift; path = CategoryHeader.swift; sourceTree = "<group>"; };
		1D88A58E2A7939EE0016D9DB /* GenresViewController.swift */ = {isa = PBXFileReference; lastKnownFileType = sourcecode.swift; path = GenresViewController.swift; sourceTree = "<group>"; };
		1D93FE912A5D56BB00314762 /* WhatToSeeApp.app */ = {isa = PBXFileReference; explicitFileType = wrapper.application; includeInIndex = 0; path = WhatToSeeApp.app; sourceTree = BUILT_PRODUCTS_DIR; };
		1D93FE942A5D56BB00314762 /* AppDelegate.swift */ = {isa = PBXFileReference; lastKnownFileType = sourcecode.swift; path = AppDelegate.swift; sourceTree = "<group>"; };
		1D93FE962A5D56BB00314762 /* SceneDelegate.swift */ = {isa = PBXFileReference; lastKnownFileType = sourcecode.swift; path = SceneDelegate.swift; sourceTree = "<group>"; };
		1D93FE982A5D56BB00314762 /* HomeViewController.swift */ = {isa = PBXFileReference; lastKnownFileType = sourcecode.swift; path = HomeViewController.swift; sourceTree = "<group>"; };
		1D93FE9D2A5D56BC00314762 /* Assets.xcassets */ = {isa = PBXFileReference; lastKnownFileType = folder.assetcatalog; path = Assets.xcassets; sourceTree = "<group>"; };
		1D93FEA02A5D56BC00314762 /* Base */ = {isa = PBXFileReference; lastKnownFileType = file.storyboard; name = Base; path = Base.lproj/LaunchScreen.storyboard; sourceTree = "<group>"; };
		1D93FEA22A5D56BC00314762 /* Info.plist */ = {isa = PBXFileReference; lastKnownFileType = text.plist.xml; path = Info.plist; sourceTree = "<group>"; };
		1D93FEA82A5D5AF900314762 /* MainTabBarController.swift */ = {isa = PBXFileReference; lastKnownFileType = sourcecode.swift; path = MainTabBarController.swift; sourceTree = "<group>"; };
		1D93FEAA2A5D611100314762 /* SearchViewController.swift */ = {isa = PBXFileReference; lastKnownFileType = sourcecode.swift; path = SearchViewController.swift; sourceTree = "<group>"; };
		1D93FEAC2A5D61A000314762 /* WishListViewController.swift */ = {isa = PBXFileReference; lastKnownFileType = sourcecode.swift; path = WishListViewController.swift; sourceTree = "<group>"; };
		1D93FEAE2A5D627500314762 /* ProfileViewController.swift */ = {isa = PBXFileReference; lastKnownFileType = sourcecode.swift; path = ProfileViewController.swift; sourceTree = "<group>"; };
		1D93FEB62A5D75C800314762 /* ViewController+Extension.swift */ = {isa = PBXFileReference; lastKnownFileType = sourcecode.swift; path = "ViewController+Extension.swift"; sourceTree = "<group>"; };
		1D93FEBD2A5D8D3200314762 /* TabMenuControl.swift */ = {isa = PBXFileReference; lastKnownFileType = sourcecode.swift; path = TabMenuControl.swift; sourceTree = "<group>"; };
		1D93FEBF2A5DA64300314762 /* UIColor+Extension.swift */ = {isa = PBXFileReference; fileEncoding = 4; lastKnownFileType = sourcecode.swift; path = "UIColor+Extension.swift"; sourceTree = "<group>"; };
		1D96EBD42A7A51800057C048 /* UiView+Extension.swift */ = {isa = PBXFileReference; lastKnownFileType = sourcecode.swift; path = "UiView+Extension.swift"; sourceTree = "<group>"; };
		1DD550912A5F1C6900DD5383 /* TMDBMovie.swift */ = {isa = PBXFileReference; lastKnownFileType = sourcecode.swift; path = TMDBMovie.swift; sourceTree = "<group>"; };
		1DD550932A5F1DFD00DD5383 /* HomeViewModel.swift */ = {isa = PBXFileReference; lastKnownFileType = sourcecode.swift; path = HomeViewModel.swift; sourceTree = "<group>"; };
		1DE4E68B2A6FFADA009CDB27 /* CategoryCellItemViewModel.swift */ = {isa = PBXFileReference; lastKnownFileType = sourcecode.swift; path = CategoryCellItemViewModel.swift; sourceTree = "<group>"; };
		1DE4E68D2A700131009CDB27 /* CategoryCellViewModel.swift */ = {isa = PBXFileReference; lastKnownFileType = sourcecode.swift; path = CategoryCellViewModel.swift; sourceTree = "<group>"; };
		1DF0C3D52A726A8500BF60A9 /* DetailHeaderView.swift */ = {isa = PBXFileReference; lastKnownFileType = sourcecode.swift; path = DetailHeaderView.swift; sourceTree = "<group>"; };
		1DFFB1A22A7178D400FB4DA8 /* DetailViewController.swift */ = {isa = PBXFileReference; lastKnownFileType = sourcecode.swift; path = DetailViewController.swift; sourceTree = "<group>"; };
		1DFFB1A62A71A61800FB4DA8 /* DetailViewModel.swift */ = {isa = PBXFileReference; lastKnownFileType = sourcecode.swift; path = DetailViewModel.swift; sourceTree = "<group>"; };
/* End PBXFileReference section */

/* Begin PBXFrameworksBuildPhase section */
		1D93FE8E2A5D56BB00314762 /* Frameworks */ = {
			isa = PBXFrameworksBuildPhase;
			buildActionMask = 2147483647;
			files = (
				1D4685552A756464005498FB /* SDWebImage in Frameworks */,
			);
			runOnlyForDeploymentPostprocessing = 0;
		};
/* End PBXFrameworksBuildPhase section */

/* Begin PBXGroup section */
		1D0325392A5EBFD700221BEB /* Network */ = {
			isa = PBXGroup;
			children = (
				1D35B9A12A6456CA009A6CB9 /* Core */,
				1D35B9A52A645CAE009A6CB9 /* Endpoints */,
				1D35B9AB2A645DE1009A6CB9 /* Services */,
			);
			path = Network;
			sourceTree = "<group>";
		};
		1D03253A2A5EC04F00221BEB /* Views */ = {
			isa = PBXGroup;
			children = (
				1D35B9982A6431DA009A6CB9 /* TagMenu */,
				1D3800D52A66C36200C4729D /* Slider */,
			);
			path = Views;
			sourceTree = "<group>";
		};
		1D0585FF2A77011400664193 /* ShowAll */ = {
			isa = PBXGroup;
			children = (
				1D0585FB2A76F5D700664193 /* ShowAllViewController.swift */,
			);
			path = ShowAll;
			sourceTree = "<group>";
		};
		1D1BC43C2A770DC300BFF67A /* Helpers */ = {
			isa = PBXGroup;
			children = (
				1D0586002A77013200664193 /* CustomVerticalFlowLayout.swift */,
			);
			path = Helpers;
			sourceTree = "<group>";
		};
		1D1BC43D2A770E1D00BFF67A /* ShowAll */ = {
			isa = PBXGroup;
			children = (
				1D0585FD2A76F9EB00664193 /* ShowAllViewModel.swift */,
			);
			path = ShowAll;
			sourceTree = "<group>";
		};
		1D35B9962A642E7E009A6CB9 /* Model */ = {
			isa = PBXGroup;
			children = (
				1DD550912A5F1C6900DD5383 /* TMDBMovie.swift */,
			);
			path = Model;
			sourceTree = "<group>";
		};
		1D35B9972A642EC0009A6CB9 /* Application */ = {
			isa = PBXGroup;
			children = (
				1D93FE942A5D56BB00314762 /* AppDelegate.swift */,
				1D93FE962A5D56BB00314762 /* SceneDelegate.swift */,
				1D93FEB22A5D736A00314762 /* Core */,
			);
			path = Application;
			sourceTree = "<group>";
		};
		1D35B9982A6431DA009A6CB9 /* TagMenu */ = {
			isa = PBXGroup;
			children = (
				1D93FEBD2A5D8D3200314762 /* TabMenuControl.swift */,
			);
			path = TagMenu;
			sourceTree = "<group>";
		};
		1D35B9A12A6456CA009A6CB9 /* Core */ = {
			isa = PBXGroup;
			children = (
				1D35B9992A64544E009A6CB9 /* Endpoint.swift */,
				1D35B99B2A6454CE009A6CB9 /* HTTPMethod.swift */,
				1D35B99D2A64552F009A6CB9 /* RequestError.swift */,
				1D35B99F2A64569B009A6CB9 /* HTTPClient.swift */,
			);
			path = Core;
			sourceTree = "<group>";
		};
		1D35B9A52A645CAE009A6CB9 /* Endpoints */ = {
			isa = PBXGroup;
			children = (
				1D35B9A32A645C56009A6CB9 /* MoviesEndpoint.swift */,
			);
			path = Endpoints;
			sourceTree = "<group>";
		};
		1D35B9AB2A645DE1009A6CB9 /* Services */ = {
			isa = PBXGroup;
			children = (
				1D35B9A92A645DCD009A6CB9 /* MoviesService.swift */,
			);
			path = Services;
			sourceTree = "<group>";
		};
		1D3800D52A66C36200C4729D /* Slider */ = {
			isa = PBXGroup;
			children = (
				1D3800D12A669F7800C4729D /* SliderView.swift */,
				1D3800D32A66B36800C4729D /* SliderCell.swift */,
			);
			path = Slider;
			sourceTree = "<group>";
		};
		1D3800DC2A6734D800C4729D /* Category */ = {
			isa = PBXGroup;
			children = (
				1D3800DF2A674AA900C4729D /* CategoryHeader.swift */,
				1D3800DA2A6728C900C4729D /* CategoryCell.swift */,
				1D3800DD2A67350D00C4729D /* CategoryCellItem.swift */,
				1D0370062A7844D300913726 /* CategoryGenresCell.swift */,
			);
			path = Category;
			sourceTree = "<group>";
		};
		1D88A58D2A7939A50016D9DB /* Genres */ = {
			isa = PBXGroup;
			children = (
				1D88A58E2A7939EE0016D9DB /* GenresViewController.swift */,
			);
			path = Genres;
			sourceTree = "<group>";
		};
		1D93FE882A5D56BB00314762 = {
			isa = PBXGroup;
			children = (
				1D93FE932A5D56BB00314762 /* WhatToSeeApp */,
				1D93FE922A5D56BB00314762 /* Products */,
			);
			sourceTree = "<group>";
		};
		1D93FE922A5D56BB00314762 /* Products */ = {
			isa = PBXGroup;
			children = (
				1D93FE912A5D56BB00314762 /* WhatToSeeApp.app */,
			);
			name = Products;
			sourceTree = "<group>";
		};
		1D93FE932A5D56BB00314762 /* WhatToSeeApp */ = {
			isa = PBXGroup;
			children = (
				1D35B9972A642EC0009A6CB9 /* Application */,
				1D35B9962A642E7E009A6CB9 /* Model */,
				1DE4E6892A6FE8C2009CDB27 /* View */,
				1DE4E68A2A6FE8E3009CDB27 /* ViewModel */,
				1D0325392A5EBFD700221BEB /* Network */,
				1D1BC43C2A770DC300BFF67A /* Helpers */,
				1D93FEB82A5D8C1D00314762 /* Extensions */,
				1D93FE9D2A5D56BC00314762 /* Assets.xcassets */,
				1D93FE9F2A5D56BC00314762 /* LaunchScreen.storyboard */,
				1D93FEA22A5D56BC00314762 /* Info.plist */,
			);
			path = WhatToSeeApp;
			sourceTree = "<group>";
		};
		1D93FEB02A5D732D00314762 /* Scenes */ = {
			isa = PBXGroup;
			children = (
				1D93FEB12A5D734300314762 /* Home */,
				1D93FEB32A5D737F00314762 /* Search */,
				1D93FEB42A5D738A00314762 /* Wishlist */,
				1D93FEB52A5D739400314762 /* Profile */,
				1DFFB1A12A71789200FB4DA8 /* Detail */,
				1D0585FF2A77011400664193 /* ShowAll */,
				1D88A58D2A7939A50016D9DB /* Genres */,
			);
			path = Scenes;
			sourceTree = "<group>";
		};
		1D93FEB12A5D734300314762 /* Home */ = {
			isa = PBXGroup;
			children = (
				1D93FE982A5D56BB00314762 /* HomeViewController.swift */,
				1D03253A2A5EC04F00221BEB /* Views */,
			);
			path = Home;
			sourceTree = "<group>";
		};
		1D93FEB22A5D736A00314762 /* Core */ = {
			isa = PBXGroup;
			children = (
				1D93FEA82A5D5AF900314762 /* MainTabBarController.swift */,
			);
			path = Core;
			sourceTree = "<group>";
		};
		1D93FEB32A5D737F00314762 /* Search */ = {
			isa = PBXGroup;
			children = (
				1D93FEAA2A5D611100314762 /* SearchViewController.swift */,
			);
			path = Search;
			sourceTree = "<group>";
		};
		1D93FEB42A5D738A00314762 /* Wishlist */ = {
			isa = PBXGroup;
			children = (
				1D93FEAC2A5D61A000314762 /* WishListViewController.swift */,
			);
			path = Wishlist;
			sourceTree = "<group>";
		};
		1D93FEB52A5D739400314762 /* Profile */ = {
			isa = PBXGroup;
			children = (
				1D93FEAE2A5D627500314762 /* ProfileViewController.swift */,
			);
			path = Profile;
			sourceTree = "<group>";
		};
		1D93FEB82A5D8C1D00314762 /* Extensions */ = {
			isa = PBXGroup;
			children = (
				1D93FEB62A5D75C800314762 /* ViewController+Extension.swift */,
				1D93FEBF2A5DA64300314762 /* UIColor+Extension.swift */,
				1D96EBD42A7A51800057C048 /* UiView+Extension.swift */,
			);
			path = Extensions;
			sourceTree = "<group>";
		};
		1DE4E6892A6FE8C2009CDB27 /* View */ = {
			isa = PBXGroup;
			children = (
				1D93FEB02A5D732D00314762 /* Scenes */,
				1DE5685A2A77FDAA004BBDFF /* Reuse View */,
			);
			path = View;
			sourceTree = "<group>";
		};
		1DE4E68A2A6FE8E3009CDB27 /* ViewModel */ = {
			isa = PBXGroup;
			children = (
				1DF0C3D32A72685F00BF60A9 /* Home */,
				1DF0C3D42A7268C100BF60A9 /* Detail */,
				1D1BC43D2A770E1D00BFF67A /* ShowAll */,
				1DE5685B2A77FEE6004BBDFF /* Reuse View */,
			);
			path = ViewModel;
			sourceTree = "<group>";
		};
		1DE5685A2A77FDAA004BBDFF /* Reuse View */ = {
			isa = PBXGroup;
			children = (
				1D3800DC2A6734D800C4729D /* Category */,
			);
			path = "Reuse View";
			sourceTree = "<group>";
		};
		1DE5685B2A77FEE6004BBDFF /* Reuse View */ = {
			isa = PBXGroup;
			children = (
				1DE4E68D2A700131009CDB27 /* CategoryCellViewModel.swift */,
				1DE4E68B2A6FFADA009CDB27 /* CategoryCellItemViewModel.swift */,
			);
			path = "Reuse View";
			sourceTree = "<group>";
		};
		1DF0C3D32A72685F00BF60A9 /* Home */ = {
			isa = PBXGroup;
			children = (
				1DD550932A5F1DFD00DD5383 /* HomeViewModel.swift */,
				1D3800D62A66E10D00C4729D /* SliderViewModel.swift */,
				1D3800D82A66E73B00C4729D /* SliderCellViewModel.swift */,
			);
			path = Home;
			sourceTree = "<group>";
		};
		1DF0C3D42A7268C100BF60A9 /* Detail */ = {
			isa = PBXGroup;
			children = (
				1DFFB1A62A71A61800FB4DA8 /* DetailViewModel.swift */,
			);
			path = Detail;
			sourceTree = "<group>";
		};
		1DF0C3D72A7273DF00BF60A9 /* Views */ = {
			isa = PBXGroup;
			children = (
				1DF0C3D52A726A8500BF60A9 /* DetailHeaderView.swift */,
			);
			path = Views;
			sourceTree = "<group>";
		};
		1DFFB1A12A71789200FB4DA8 /* Detail */ = {
			isa = PBXGroup;
			children = (
				1DFFB1A22A7178D400FB4DA8 /* DetailViewController.swift */,
				1DF0C3D72A7273DF00BF60A9 /* Views */,
			);
			path = Detail;
			sourceTree = "<group>";
		};
/* End PBXGroup section */

/* Begin PBXNativeTarget section */
		1D93FE902A5D56BB00314762 /* WhatToSeeApp */ = {
			isa = PBXNativeTarget;
			buildConfigurationList = 1D93FEA52A5D56BC00314762 /* Build configuration list for PBXNativeTarget "WhatToSeeApp" */;
			buildPhases = (
				1D93FE8D2A5D56BB00314762 /* Sources */,
				1D93FE8E2A5D56BB00314762 /* Frameworks */,
				1D93FE8F2A5D56BB00314762 /* Resources */,
			);
			buildRules = (
			);
			dependencies = (
			);
			name = WhatToSeeApp;
			packageProductDependencies = (
				1D4685542A756464005498FB /* SDWebImage */,
			);
			productName = WhatToSeeApp;
			productReference = 1D93FE912A5D56BB00314762 /* WhatToSeeApp.app */;
			productType = "com.apple.product-type.application";
		};
/* End PBXNativeTarget section */

/* Begin PBXProject section */
		1D93FE892A5D56BB00314762 /* Project object */ = {
			isa = PBXProject;
			attributes = {
				BuildIndependentTargetsInParallel = 1;
				LastSwiftUpdateCheck = 1430;
				LastUpgradeCheck = 1430;
				TargetAttributes = {
					1D93FE902A5D56BB00314762 = {
						CreatedOnToolsVersion = 14.3;
					};
				};
			};
			buildConfigurationList = 1D93FE8C2A5D56BB00314762 /* Build configuration list for PBXProject "WhatToSeeApp" */;
			compatibilityVersion = "Xcode 14.0";
			developmentRegion = en;
			hasScannedForEncodings = 0;
			knownRegions = (
				en,
				Base,
			);
			mainGroup = 1D93FE882A5D56BB00314762;
			packageReferences = (
				1D4685532A756464005498FB /* XCRemoteSwiftPackageReference "SDWebImage" */,
			);
			productRefGroup = 1D93FE922A5D56BB00314762 /* Products */;
			projectDirPath = "";
			projectRoot = "";
			targets = (
				1D93FE902A5D56BB00314762 /* WhatToSeeApp */,
			);
		};
/* End PBXProject section */

/* Begin PBXResourcesBuildPhase section */
		1D93FE8F2A5D56BB00314762 /* Resources */ = {
			isa = PBXResourcesBuildPhase;
			buildActionMask = 2147483647;
			files = (
				1D93FEA12A5D56BC00314762 /* LaunchScreen.storyboard in Resources */,
				1D93FE9E2A5D56BC00314762 /* Assets.xcassets in Resources */,
			);
			runOnlyForDeploymentPostprocessing = 0;
		};
/* End PBXResourcesBuildPhase section */

/* Begin PBXSourcesBuildPhase section */
		1D93FE8D2A5D56BB00314762 /* Sources */ = {
			isa = PBXSourcesBuildPhase;
			buildActionMask = 2147483647;
			files = (
				1DD550942A5F1DFD00DD5383 /* HomeViewModel.swift in Sources */,
				1D35B9AA2A645DCD009A6CB9 /* MoviesService.swift in Sources */,
				1DFFB1A72A71A61800FB4DA8 /* DetailViewModel.swift in Sources */,
				1D3800D92A66E73B00C4729D /* SliderCellViewModel.swift in Sources */,
				1D0585FC2A76F5D700664193 /* ShowAllViewController.swift in Sources */,
				1D93FEB72A5D75C800314762 /* ViewController+Extension.swift in Sources */,
				1D93FEAB2A5D611100314762 /* SearchViewController.swift in Sources */,
				1D93FEAD2A5D61A000314762 /* WishListViewController.swift in Sources */,
				1D35B9A02A64569B009A6CB9 /* HTTPClient.swift in Sources */,
				1D96EBD52A7A51800057C048 /* UiView+Extension.swift in Sources */,
				1D93FE992A5D56BB00314762 /* HomeViewController.swift in Sources */,
				1D88A58F2A7939EE0016D9DB /* GenresViewController.swift in Sources */,
				1D0370072A7844D300913726 /* CategoryGenresCell.swift in Sources */,
				1D3800D22A669F7800C4729D /* SliderView.swift in Sources */,
				1D0586012A77013200664193 /* CustomVerticalFlowLayout.swift in Sources */,
				1D3800E02A674AA900C4729D /* CategoryHeader.swift in Sources */,
				1D93FE952A5D56BB00314762 /* AppDelegate.swift in Sources */,
				1D3800DE2A67350D00C4729D /* CategoryCellItem.swift in Sources */,
				1D35B99C2A6454CE009A6CB9 /* HTTPMethod.swift in Sources */,
				1DF0C3D62A726A8500BF60A9 /* DetailHeaderView.swift in Sources */,
				1D35B9A42A645C56009A6CB9 /* MoviesEndpoint.swift in Sources */,
				1D3800D72A66E10D00C4729D /* SliderViewModel.swift in Sources */,
				1D93FEBE2A5D8D3200314762 /* TabMenuControl.swift in Sources */,
				1D3800D42A66B36800C4729D /* SliderCell.swift in Sources */,
				1DD550922A5F1C6900DD5383 /* TMDBMovie.swift in Sources */,
				1D93FEAF2A5D627500314762 /* ProfileViewController.swift in Sources */,
				1D3800DB2A6728C900C4729D /* CategoryCell.swift in Sources */,
				1D0585FE2A76F9EB00664193 /* ShowAllViewModel.swift in Sources */,
				1D35B99A2A64544E009A6CB9 /* Endpoint.swift in Sources */,
				1DE4E68C2A6FFADA009CDB27 /* CategoryCellItemViewModel.swift in Sources */,
				1D35B99E2A64552F009A6CB9 /* RequestError.swift in Sources */,
				1DE4E68E2A700131009CDB27 /* CategoryCellViewModel.swift in Sources */,
				1D93FEA92A5D5AF900314762 /* MainTabBarController.swift in Sources */,
				1D93FE972A5D56BB00314762 /* SceneDelegate.swift in Sources */,
				1D93FEC02A5DA64300314762 /* UIColor+Extension.swift in Sources */,
				1DFFB1A32A7178D400FB4DA8 /* DetailViewController.swift in Sources */,
			);
			runOnlyForDeploymentPostprocessing = 0;
		};
/* End PBXSourcesBuildPhase section */

/* Begin PBXVariantGroup section */
		1D93FE9F2A5D56BC00314762 /* LaunchScreen.storyboard */ = {
			isa = PBXVariantGroup;
			children = (
				1D93FEA02A5D56BC00314762 /* Base */,
			);
			name = LaunchScreen.storyboard;
			sourceTree = "<group>";
		};
/* End PBXVariantGroup section */

/* Begin XCBuildConfiguration section */
		1D93FEA32A5D56BC00314762 /* Debug */ = {
			isa = XCBuildConfiguration;
			buildSettings = {
				ALWAYS_SEARCH_USER_PATHS = NO;
				CLANG_ANALYZER_NONNULL = YES;
				CLANG_ANALYZER_NUMBER_OBJECT_CONVERSION = YES_AGGRESSIVE;
				CLANG_CXX_LANGUAGE_STANDARD = "gnu++20";
				CLANG_ENABLE_MODULES = YES;
				CLANG_ENABLE_OBJC_ARC = YES;
				CLANG_ENABLE_OBJC_WEAK = YES;
				CLANG_WARN_BLOCK_CAPTURE_AUTORELEASING = YES;
				CLANG_WARN_BOOL_CONVERSION = YES;
				CLANG_WARN_COMMA = YES;
				CLANG_WARN_CONSTANT_CONVERSION = YES;
				CLANG_WARN_DEPRECATED_OBJC_IMPLEMENTATIONS = YES;
				CLANG_WARN_DIRECT_OBJC_ISA_USAGE = YES_ERROR;
				CLANG_WARN_DOCUMENTATION_COMMENTS = YES;
				CLANG_WARN_EMPTY_BODY = YES;
				CLANG_WARN_ENUM_CONVERSION = YES;
				CLANG_WARN_INFINITE_RECURSION = YES;
				CLANG_WARN_INT_CONVERSION = YES;
				CLANG_WARN_NON_LITERAL_NULL_CONVERSION = YES;
				CLANG_WARN_OBJC_IMPLICIT_RETAIN_SELF = YES;
				CLANG_WARN_OBJC_LITERAL_CONVERSION = YES;
				CLANG_WARN_OBJC_ROOT_CLASS = YES_ERROR;
				CLANG_WARN_QUOTED_INCLUDE_IN_FRAMEWORK_HEADER = YES;
				CLANG_WARN_RANGE_LOOP_ANALYSIS = YES;
				CLANG_WARN_STRICT_PROTOTYPES = YES;
				CLANG_WARN_SUSPICIOUS_MOVE = YES;
				CLANG_WARN_UNGUARDED_AVAILABILITY = YES_AGGRESSIVE;
				CLANG_WARN_UNREACHABLE_CODE = YES;
				CLANG_WARN__DUPLICATE_METHOD_MATCH = YES;
				COPY_PHASE_STRIP = NO;
				DEBUG_INFORMATION_FORMAT = dwarf;
				ENABLE_STRICT_OBJC_MSGSEND = YES;
				ENABLE_TESTABILITY = YES;
				GCC_C_LANGUAGE_STANDARD = gnu11;
				GCC_DYNAMIC_NO_PIC = NO;
				GCC_NO_COMMON_BLOCKS = YES;
				GCC_OPTIMIZATION_LEVEL = 0;
				GCC_PREPROCESSOR_DEFINITIONS = (
					"DEBUG=1",
					"$(inherited)",
				);
				GCC_WARN_64_TO_32_BIT_CONVERSION = YES;
				GCC_WARN_ABOUT_RETURN_TYPE = YES_ERROR;
				GCC_WARN_UNDECLARED_SELECTOR = YES;
				GCC_WARN_UNINITIALIZED_AUTOS = YES_AGGRESSIVE;
				GCC_WARN_UNUSED_FUNCTION = YES;
				GCC_WARN_UNUSED_VARIABLE = YES;
				IPHONEOS_DEPLOYMENT_TARGET = 16.4;
				MTL_ENABLE_DEBUG_INFO = INCLUDE_SOURCE;
				MTL_FAST_MATH = YES;
				ONLY_ACTIVE_ARCH = YES;
				SDKROOT = iphoneos;
				SWIFT_ACTIVE_COMPILATION_CONDITIONS = DEBUG;
				SWIFT_OPTIMIZATION_LEVEL = "-Onone";
			};
			name = Debug;
		};
		1D93FEA42A5D56BC00314762 /* Release */ = {
			isa = XCBuildConfiguration;
			buildSettings = {
				ALWAYS_SEARCH_USER_PATHS = NO;
				CLANG_ANALYZER_NONNULL = YES;
				CLANG_ANALYZER_NUMBER_OBJECT_CONVERSION = YES_AGGRESSIVE;
				CLANG_CXX_LANGUAGE_STANDARD = "gnu++20";
				CLANG_ENABLE_MODULES = YES;
				CLANG_ENABLE_OBJC_ARC = YES;
				CLANG_ENABLE_OBJC_WEAK = YES;
				CLANG_WARN_BLOCK_CAPTURE_AUTORELEASING = YES;
				CLANG_WARN_BOOL_CONVERSION = YES;
				CLANG_WARN_COMMA = YES;
				CLANG_WARN_CONSTANT_CONVERSION = YES;
				CLANG_WARN_DEPRECATED_OBJC_IMPLEMENTATIONS = YES;
				CLANG_WARN_DIRECT_OBJC_ISA_USAGE = YES_ERROR;
				CLANG_WARN_DOCUMENTATION_COMMENTS = YES;
				CLANG_WARN_EMPTY_BODY = YES;
				CLANG_WARN_ENUM_CONVERSION = YES;
				CLANG_WARN_INFINITE_RECURSION = YES;
				CLANG_WARN_INT_CONVERSION = YES;
				CLANG_WARN_NON_LITERAL_NULL_CONVERSION = YES;
				CLANG_WARN_OBJC_IMPLICIT_RETAIN_SELF = YES;
				CLANG_WARN_OBJC_LITERAL_CONVERSION = YES;
				CLANG_WARN_OBJC_ROOT_CLASS = YES_ERROR;
				CLANG_WARN_QUOTED_INCLUDE_IN_FRAMEWORK_HEADER = YES;
				CLANG_WARN_RANGE_LOOP_ANALYSIS = YES;
				CLANG_WARN_STRICT_PROTOTYPES = YES;
				CLANG_WARN_SUSPICIOUS_MOVE = YES;
				CLANG_WARN_UNGUARDED_AVAILABILITY = YES_AGGRESSIVE;
				CLANG_WARN_UNREACHABLE_CODE = YES;
				CLANG_WARN__DUPLICATE_METHOD_MATCH = YES;
				COPY_PHASE_STRIP = NO;
				DEBUG_INFORMATION_FORMAT = "dwarf-with-dsym";
				ENABLE_NS_ASSERTIONS = NO;
				ENABLE_STRICT_OBJC_MSGSEND = YES;
				GCC_C_LANGUAGE_STANDARD = gnu11;
				GCC_NO_COMMON_BLOCKS = YES;
				GCC_WARN_64_TO_32_BIT_CONVERSION = YES;
				GCC_WARN_ABOUT_RETURN_TYPE = YES_ERROR;
				GCC_WARN_UNDECLARED_SELECTOR = YES;
				GCC_WARN_UNINITIALIZED_AUTOS = YES_AGGRESSIVE;
				GCC_WARN_UNUSED_FUNCTION = YES;
				GCC_WARN_UNUSED_VARIABLE = YES;
				IPHONEOS_DEPLOYMENT_TARGET = 16.4;
				MTL_ENABLE_DEBUG_INFO = NO;
				MTL_FAST_MATH = YES;
				SDKROOT = iphoneos;
				SWIFT_COMPILATION_MODE = wholemodule;
				SWIFT_OPTIMIZATION_LEVEL = "-O";
				VALIDATE_PRODUCT = YES;
			};
			name = Release;
		};
		1D93FEA62A5D56BC00314762 /* Debug */ = {
			isa = XCBuildConfiguration;
			buildSettings = {
				ASSETCATALOG_COMPILER_APPICON_NAME = AppIcon;
				ASSETCATALOG_COMPILER_GLOBAL_ACCENT_COLOR_NAME = AccentColor;
				CODE_SIGN_STYLE = Automatic;
				CURRENT_PROJECT_VERSION = 1;
				DEVELOPMENT_TEAM = V9FFU52WUP;
				GENERATE_INFOPLIST_FILE = YES;
				INFOPLIST_FILE = WhatToSeeApp/Info.plist;
				INFOPLIST_KEY_UIApplicationSupportsIndirectInputEvents = YES;
				INFOPLIST_KEY_UILaunchStoryboardName = LaunchScreen;
				INFOPLIST_KEY_UISupportedInterfaceOrientations = UIInterfaceOrientationPortrait;
				INFOPLIST_KEY_UISupportedInterfaceOrientations_iPad = "UIInterfaceOrientationLandscapeLeft UIInterfaceOrientationLandscapeRight UIInterfaceOrientationPortrait UIInterfaceOrientationPortraitUpsideDown";
				IPHONEOS_DEPLOYMENT_TARGET = 13.0;
				LD_RUNPATH_SEARCH_PATHS = (
					"$(inherited)",
					"@executable_path/Frameworks",
				);
				MARKETING_VERSION = 1.0;
				PRODUCT_BUNDLE_IDENTIFIER = "com.artem-sergeev.WhatToSeeApp";
				PRODUCT_NAME = "$(TARGET_NAME)";
				SWIFT_EMIT_LOC_STRINGS = YES;
				SWIFT_VERSION = 5.0;
				TARGETED_DEVICE_FAMILY = "1,2";
			};
			name = Debug;
		};
		1D93FEA72A5D56BC00314762 /* Release */ = {
			isa = XCBuildConfiguration;
			buildSettings = {
				ASSETCATALOG_COMPILER_APPICON_NAME = AppIcon;
				ASSETCATALOG_COMPILER_GLOBAL_ACCENT_COLOR_NAME = AccentColor;
				CODE_SIGN_STYLE = Automatic;
				CURRENT_PROJECT_VERSION = 1;
				DEVELOPMENT_TEAM = V9FFU52WUP;
				GENERATE_INFOPLIST_FILE = YES;
				INFOPLIST_FILE = WhatToSeeApp/Info.plist;
				INFOPLIST_KEY_UIApplicationSupportsIndirectInputEvents = YES;
				INFOPLIST_KEY_UILaunchStoryboardName = LaunchScreen;
				INFOPLIST_KEY_UISupportedInterfaceOrientations = UIInterfaceOrientationPortrait;
				INFOPLIST_KEY_UISupportedInterfaceOrientations_iPad = "UIInterfaceOrientationLandscapeLeft UIInterfaceOrientationLandscapeRight UIInterfaceOrientationPortrait UIInterfaceOrientationPortraitUpsideDown";
				IPHONEOS_DEPLOYMENT_TARGET = 13.0;
				LD_RUNPATH_SEARCH_PATHS = (
					"$(inherited)",
					"@executable_path/Frameworks",
				);
				MARKETING_VERSION = 1.0;
				PRODUCT_BUNDLE_IDENTIFIER = "com.artem-sergeev.WhatToSeeApp";
				PRODUCT_NAME = "$(TARGET_NAME)";
				SWIFT_EMIT_LOC_STRINGS = YES;
				SWIFT_VERSION = 5.0;
				TARGETED_DEVICE_FAMILY = "1,2";
			};
			name = Release;
		};
/* End XCBuildConfiguration section */

/* Begin XCConfigurationList section */
		1D93FE8C2A5D56BB00314762 /* Build configuration list for PBXProject "WhatToSeeApp" */ = {
			isa = XCConfigurationList;
			buildConfigurations = (
				1D93FEA32A5D56BC00314762 /* Debug */,
				1D93FEA42A5D56BC00314762 /* Release */,
			);
			defaultConfigurationIsVisible = 0;
			defaultConfigurationName = Release;
		};
		1D93FEA52A5D56BC00314762 /* Build configuration list for PBXNativeTarget "WhatToSeeApp" */ = {
			isa = XCConfigurationList;
			buildConfigurations = (
				1D93FEA62A5D56BC00314762 /* Debug */,
				1D93FEA72A5D56BC00314762 /* Release */,
			);
			defaultConfigurationIsVisible = 0;
			defaultConfigurationName = Release;
		};
/* End XCConfigurationList section */

/* Begin XCRemoteSwiftPackageReference section */
		1D4685532A756464005498FB /* XCRemoteSwiftPackageReference "SDWebImage" */ = {
			isa = XCRemoteSwiftPackageReference;
			repositoryURL = "https://github.com/SDWebImage/SDWebImage";
			requirement = {
				kind = upToNextMajorVersion;
				minimumVersion = 5.0.0;
			};
		};
/* End XCRemoteSwiftPackageReference section */

/* Begin XCSwiftPackageProductDependency section */
		1D4685542A756464005498FB /* SDWebImage */ = {
			isa = XCSwiftPackageProductDependency;
			package = 1D4685532A756464005498FB /* XCRemoteSwiftPackageReference "SDWebImage" */;
			productName = SDWebImage;
		};
/* End XCSwiftPackageProductDependency section */
	};
	rootObject = 1D93FE892A5D56BB00314762 /* Project object */;
}
